
Microsoft Visual Studio Solution File, Format Version 12.00
# Visual Studio 15
VisualStudioVersion = 15.0.28010.2036
MinimumVisualStudioVersion = 10.0.40219.1
Project("{9A19103F-16F7-4668-BE54-9A1E7A4F7556}") = "WeTube", "WeTube.csproj", "{EA0907AA-05F8-431E-A654-79F74EBE6B71}"
EndProject
Global
	GlobalSection(SolutionConfigurationPlatforms) = preSolution
		Debug|Any CPU = Debug|Any CPU
		Release|Any CPU = Release|Any CPU
	EndGlobalSection
	GlobalSection(ProjectConfigurationPlatforms) = postSolution
		{EA0907AA-05F8-431E-A654-79F74EBE6B71}.Debug|Any CPU.ActiveCfg = Debug|Any CPU
		{EA0907AA-05F8-431E-A654-79F74EBE6B71}.Debug|Any CPU.Build.0 = Debug|Any CPU
		{EA0907AA-05F8-431E-A654-79F74EBE6B71}.Release|Any CPU.ActiveCfg = Release|Any CPU
		{EA0907AA-05F8-431E-A654-79F74EBE6B71}.Release|Any CPU.Build.0 = Release|Any CPU
	EndGlobalSection
	GlobalSection(SolutionProperties) = preSolution
		HideSolutionNode = FALSE
	EndGlobalSection
	GlobalSection(ExtensibilityGlobals) = postSolution
		SolutionGuid = {8D425E9B-074B-4448-B35F-3003626CA62A}
	EndGlobalSection
EndGlobal
